
Microsoft Visual Studio Solution File, Format Version 12.00
# Visual Studio Version 16
VisualStudioVersion = 16.0.30717.126
MinimumVisualStudioVersion = 10.0.40219.1
Project("{FAE04EC0-301F-11D3-BF4B-00C04F79EFBC}") = "Apolíneo", "Apolíneo\Apolíneo.csproj", "{9DA646B2-BCA2-44A5-8C77-48E9AF3ECC43}"
EndProject
Project("{FAE04EC0-301F-11D3-BF4B-00C04F79EFBC}") = "Integradores.Base", "..\Integrador.Base\Integradores.Base.csproj", "{C544CAE4-AF59-470D-B43F-E294C0646698}"
EndProject
Global
	GlobalSection(SolutionConfigurationPlatforms) = preSolution
		Debug|Any CPU = Debug|Any CPU
		Release|Any CPU = Release|Any CPU
	EndGlobalSection
	GlobalSection(ProjectConfigurationPlatforms) = postSolution
		{9DA646B2-BCA2-44A5-8C77-48E9AF3ECC43}.Debug|Any CPU.ActiveCfg = Debug|Any CPU
		{9DA646B2-BCA2-44A5-8C77-48E9AF3ECC43}.Debug|Any CPU.Build.0 = Debug|Any CPU
		{9DA646B2-BCA2-44A5-8C77-48E9AF3ECC43}.Release|Any CPU.ActiveCfg = Release|Any CPU
		{9DA646B2-BCA2-44A5-8C77-48E9AF3ECC43}.Release|Any CPU.Build.0 = Release|Any CPU
		{C544CAE4-AF59-470D-B43F-E294C0646698}.Debug|Any CPU.ActiveCfg = Debug|Any CPU
		{C544CAE4-AF59-470D-B43F-E294C0646698}.Debug|Any CPU.Build.0 = Debug|Any CPU
		{C544CAE4-AF59-470D-B43F-E294C0646698}.Release|Any CPU.ActiveCfg = Release|Any CPU
		{C544CAE4-AF59-470D-B43F-E294C0646698}.Release|Any CPU.Build.0 = Release|Any CPU
	EndGlobalSection
	GlobalSection(SolutionProperties) = preSolution
		HideSolutionNode = FALSE
	EndGlobalSection
	GlobalSection(ExtensibilityGlobals) = postSolution
		SolutionGuid = {D5E61AEB-5978-4726-934E-BCD015524101}
	EndGlobalSection
EndGlobal
